
Microsoft Visual Studio Solution File, Format Version 12.00
# Visual Studio Version 17
VisualStudioVersion = 17.5.2.0
MinimumVisualStudioVersion = 10.0.40219.1
Project("{FAE04EC0-301F-11D3-BF4B-00C04F79EFBC}") = "ZooERP", "ZooERP\ZooERP.csproj", "{48C685D2-89F7-D7F1-0B01-8651D2ECF893}"
EndProject
Project("{FAE04EC0-301F-11D3-BF4B-00C04F79EFBC}") = "ZooERP.Tests", "ZooERP.Tests\ZooERP.Tests.csproj", "{B33CFEFC-E0CA-46F5-BF66-A565CC625140}"
EndProject
Global
	GlobalSection(SolutionConfigurationPlatforms) = preSolution
		Debug|Any CPU = Debug|Any CPU
		Debug|x64 = Debug|x64
		Debug|x86 = Debug|x86
		Release|Any CPU = Release|Any CPU
		Release|x64 = Release|x64
		Release|x86 = Release|x86
	EndGlobalSection
	GlobalSection(ProjectConfigurationPlatforms) = postSolution
		{48C685D2-89F7-D7F1-0B01-8651D2ECF893}.Debug|Any CPU.ActiveCfg = Debug|Any CPU
		{48C685D2-89F7-D7F1-0B01-8651D2ECF893}.Debug|Any CPU.Build.0 = Debug|Any CPU
		{48C685D2-89F7-D7F1-0B01-8651D2ECF893}.Debug|x64.ActiveCfg = Debug|Any CPU
		{48C685D2-89F7-D7F1-0B01-8651D2ECF893}.Debug|x64.Build.0 = Debug|Any CPU
		{48C685D2-89F7-D7F1-0B01-8651D2ECF893}.Debug|x86.ActiveCfg = Debug|Any CPU
		{48C685D2-89F7-D7F1-0B01-8651D2ECF893}.Debug|x86.Build.0 = Debug|Any CPU
		{48C685D2-89F7-D7F1-0B01-8651D2ECF893}.Release|Any CPU.ActiveCfg = Release|Any CPU
		{48C685D2-89F7-D7F1-0B01-8651D2ECF893}.Release|Any CPU.Build.0 = Release|Any CPU
		{48C685D2-89F7-D7F1-0B01-8651D2ECF893}.Release|x64.ActiveCfg = Release|Any CPU
		{48C685D2-89F7-D7F1-0B01-8651D2ECF893}.Release|x64.Build.0 = Release|Any CPU
		{48C685D2-89F7-D7F1-0B01-8651D2ECF893}.Release|x86.ActiveCfg = Release|Any CPU
		{48C685D2-89F7-D7F1-0B01-8651D2ECF893}.Release|x86.Build.0 = Release|Any CPU
		{B33CFEFC-E0CA-46F5-BF66-A565CC625140}.Debug|Any CPU.ActiveCfg = Debug|Any CPU
		{B33CFEFC-E0CA-46F5-BF66-A565CC625140}.Debug|Any CPU.Build.0 = Debug|Any CPU
		{B33CFEFC-E0CA-46F5-BF66-A565CC625140}.Debug|x64.ActiveCfg = Debug|Any CPU
		{B33CFEFC-E0CA-46F5-BF66-A565CC625140}.Debug|x64.Build.0 = Debug|Any CPU
		{B33CFEFC-E0CA-46F5-BF66-A565CC625140}.Debug|x86.ActiveCfg = Debug|Any CPU
		{B33CFEFC-E0CA-46F5-BF66-A565CC625140}.Debug|x86.Build.0 = Debug|Any CPU
		{B33CFEFC-E0CA-46F5-BF66-A565CC625140}.Release|Any CPU.ActiveCfg = Release|Any CPU
		{B33CFEFC-E0CA-46F5-BF66-A565CC625140}.Release|Any CPU.Build.0 = Release|Any CPU
		{B33CFEFC-E0CA-46F5-BF66-A565CC625140}.Release|x64.ActiveCfg = Release|Any CPU
		{B33CFEFC-E0CA-46F5-BF66-A565CC625140}.Release|x64.Build.0 = Release|Any CPU
		{B33CFEFC-E0CA-46F5-BF66-A565CC625140}.Release|x86.ActiveCfg = Release|Any CPU
		{B33CFEFC-E0CA-46F5-BF66-A565CC625140}.Release|x86.Build.0 = Release|Any CPU
	EndGlobalSection
	GlobalSection(SolutionProperties) = preSolution
		HideSolutionNode = FALSE
	EndGlobalSection
	GlobalSection(ExtensibilityGlobals) = postSolution
		SolutionGuid = {6AC28F25-6619-4EE1-A69F-C81445C9A80C}
	EndGlobalSection
EndGlobal
